
Microsoft Visual Studio Solution File, Format Version 12.00
# Visual Studio Version 17
VisualStudioVersion = 17.10.35122.118
MinimumVisualStudioVersion = 10.0.40219.1
Project("{FAE04EC0-301F-11D3-BF4B-00C04F79EFBC}") = "Aula02", "Aula02\Aula02.csproj", "{2FFDFCCA-662A-4247-8800-3FB9C916952C}"
EndProject
Global
	GlobalSection(SolutionConfigurationPlatforms) = preSolution
		Debug|Any CPU = Debug|Any CPU
		Release|Any CPU = Release|Any CPU
	EndGlobalSection
	GlobalSection(ProjectConfigurationPlatforms) = postSolution
		{2FFDFCCA-662A-4247-8800-3FB9C916952C}.Debug|Any CPU.ActiveCfg = Debug|Any CPU
		{2FFDFCCA-662A-4247-8800-3FB9C916952C}.Debug|Any CPU.Build.0 = Debug|Any CPU
		{2FFDFCCA-662A-4247-8800-3FB9C916952C}.Release|Any CPU.ActiveCfg = Release|Any CPU
		{2FFDFCCA-662A-4247-8800-3FB9C916952C}.Release|Any CPU.Build.0 = Release|Any CPU
	EndGlobalSection
	GlobalSection(SolutionProperties) = preSolution
		HideSolutionNode = FALSE
	EndGlobalSection
	GlobalSection(ExtensibilityGlobals) = postSolution
		SolutionGuid = {024E30E2-C50C-4BC3-B1DB-F2518373EE39}
	EndGlobalSection
EndGlobal
